
Microsoft Visual Studio Solution File, Format Version 12.00
# Visual Studio Version 16
VisualStudioVersion = 16.0.29411.108
MinimumVisualStudioVersion = 10.0.40219.1
Project("{FAE04EC0-301F-11D3-BF4B-00C04F79EFBC}") = "ComicBookInfoRetriever", "ComicBookInfoRetriever\ComicBookInfoRetriever.csproj", "{FA2EEAF5-2ED2-4C04-B673-A543591C30EE}"
EndProject
Global
	GlobalSection(SolutionConfigurationPlatforms) = preSolution
		Debug|Any CPU = Debug|Any CPU
		Release|Any CPU = Release|Any CPU
	EndGlobalSection
	GlobalSection(ProjectConfigurationPlatforms) = postSolution
		{FA2EEAF5-2ED2-4C04-B673-A543591C30EE}.Debug|Any CPU.ActiveCfg = Debug|Any CPU
		{FA2EEAF5-2ED2-4C04-B673-A543591C30EE}.Debug|Any CPU.Build.0 = Debug|Any CPU
		{FA2EEAF5-2ED2-4C04-B673-A543591C30EE}.Release|Any CPU.ActiveCfg = Release|Any CPU
		{FA2EEAF5-2ED2-4C04-B673-A543591C30EE}.Release|Any CPU.Build.0 = Release|Any CPU
	EndGlobalSection
	GlobalSection(SolutionProperties) = preSolution
		HideSolutionNode = FALSE
	EndGlobalSection
	GlobalSection(ExtensibilityGlobals) = postSolution
		SolutionGuid = {5586E943-3C8A-4C58-AA07-F90C5239D7F4}
	EndGlobalSection
EndGlobal
